
Microsoft Visual Studio Solution File, Format Version 12.00
# Visual Studio Version 17
VisualStudioVersion = 17.0.32112.339
MinimumVisualStudioVersion = 10.0.40219.1
Project("{8BC9CEB8-8B4A-11D0-8D11-00A0C91BC942}") = "动态规划", "动态规划\动态规划.vcxproj", "{ABC7967D-2BFB-4A33-AC4F-1129C46984E1}"
EndProject
Global
	GlobalSection(SolutionConfigurationPlatforms) = preSolution
		Debug|x64 = Debug|x64
		Debug|x86 = Debug|x86
		Release|x64 = Release|x64
		Release|x86 = Release|x86
	EndGlobalSection
	GlobalSection(ProjectConfigurationPlatforms) = postSolution
		{ABC7967D-2BFB-4A33-AC4F-1129C46984E1}.Debug|x64.ActiveCfg = Debug|x64
		{ABC7967D-2BFB-4A33-AC4F-1129C46984E1}.Debug|x64.Build.0 = Debug|x64
		{ABC7967D-2BFB-4A33-AC4F-1129C46984E1}.Debug|x86.ActiveCfg = Debug|Win32
		{ABC7967D-2BFB-4A33-AC4F-1129C46984E1}.Debug|x86.Build.0 = Debug|Win32
		{ABC7967D-2BFB-4A33-AC4F-1129C46984E1}.Release|x64.ActiveCfg = Release|x64
		{ABC7967D-2BFB-4A33-AC4F-1129C46984E1}.Release|x64.Build.0 = Release|x64
		{ABC7967D-2BFB-4A33-AC4F-1129C46984E1}.Release|x86.ActiveCfg = Release|Win32
		{ABC7967D-2BFB-4A33-AC4F-1129C46984E1}.Release|x86.Build.0 = Release|Win32
	EndGlobalSection
	GlobalSection(SolutionProperties) = preSolution
		HideSolutionNode = FALSE
	EndGlobalSection
	GlobalSection(ExtensibilityGlobals) = postSolution
		SolutionGuid = {9FE09C93-65A6-4859-864B-6BD5111693A5}
	EndGlobalSection
EndGlobal
